
Microsoft Visual Studio Solution File, Format Version 12.00
# Visual Studio Version 16
VisualStudioVersion = 16.0.31729.503
MinimumVisualStudioVersion = 10.0.40219.1
Project("{FAE04EC0-301F-11D3-BF4B-00C04F79EFBC}") = "ImportObjectProperties", "ImportObjectProperties.csproj", "{D5788581-ED09-403D-83CA-87D869F75129}"
EndProject
Project("{930C7802-8A8C-48F9-8165-68863BCCD9DD}") = "ImportObjectProperties.Installer", "ImportObjectProperties.Installer\ImportObjectProperties.Installer.wixproj", "{33258336-718D-4B47-80D2-4F305D6564D5}"
EndProject
Global
	GlobalSection(SolutionConfigurationPlatforms) = preSolution
		Debug|x64 = Debug|x64
		Debug|x86 = Debug|x86
		Release|x64 = Release|x64
		Release|x86 = Release|x86
	EndGlobalSection
	GlobalSection(ProjectConfigurationPlatforms) = postSolution
		{D5788581-ED09-403D-83CA-87D869F75129}.Debug|x64.ActiveCfg = Debug|Any CPU
		{D5788581-ED09-403D-83CA-87D869F75129}.Debug|x64.Build.0 = Debug|Any CPU
		{D5788581-ED09-403D-83CA-87D869F75129}.Debug|x86.ActiveCfg = Debug|Any CPU
		{D5788581-ED09-403D-83CA-87D869F75129}.Debug|x86.Build.0 = Debug|Any CPU
		{D5788581-ED09-403D-83CA-87D869F75129}.Release|x64.ActiveCfg = Release|x64
		{D5788581-ED09-403D-83CA-87D869F75129}.Release|x64.Build.0 = Release|x64
		{D5788581-ED09-403D-83CA-87D869F75129}.Release|x86.ActiveCfg = Release|Any CPU
		{D5788581-ED09-403D-83CA-87D869F75129}.Release|x86.Build.0 = Release|Any CPU
		{33258336-718D-4B47-80D2-4F305D6564D5}.Debug|x64.ActiveCfg = Debug|x64
		{33258336-718D-4B47-80D2-4F305D6564D5}.Debug|x86.ActiveCfg = Debug|x86
		{33258336-718D-4B47-80D2-4F305D6564D5}.Release|x64.ActiveCfg = Release|x86
		{33258336-718D-4B47-80D2-4F305D6564D5}.Release|x86.ActiveCfg = Release|x86
		{33258336-718D-4B47-80D2-4F305D6564D5}.Release|x86.Build.0 = Release|x86
	EndGlobalSection
	GlobalSection(SolutionProperties) = preSolution
		HideSolutionNode = FALSE
	EndGlobalSection
	GlobalSection(ExtensibilityGlobals) = postSolution
		SolutionGuid = {269CE714-4F62-4E07-85CC-4D5BB6A6111D}
	EndGlobalSection
EndGlobal
