
Microsoft Visual Studio Solution File, Format Version 12.00
# Visual Studio 15
VisualStudioVersion = 15.0.28307.168
MinimumVisualStudioVersion = 10.0.40219.1
Project("{FAE04EC0-301F-11D3-BF4B-00C04F79EFBC}") = "ImportObjectProperties", "ImportObjectProperties.csproj", "{D5788581-ED09-403D-83CA-87D869F75129}"
EndProject
Global
	GlobalSection(SolutionConfigurationPlatforms) = preSolution
		Debug|Any CPU = Debug|Any CPU
		Release|Any CPU = Release|Any CPU
	EndGlobalSection
	GlobalSection(ProjectConfigurationPlatforms) = postSolution
		{D5788581-ED09-403D-83CA-87D869F75129}.Debug|Any CPU.ActiveCfg = Debug|Any CPU
		{D5788581-ED09-403D-83CA-87D869F75129}.Debug|Any CPU.Build.0 = Debug|Any CPU
		{D5788581-ED09-403D-83CA-87D869F75129}.Release|Any CPU.ActiveCfg = Release|Any CPU
		{D5788581-ED09-403D-83CA-87D869F75129}.Release|Any CPU.Build.0 = Release|Any CPU
	EndGlobalSection
	GlobalSection(SolutionProperties) = preSolution
		HideSolutionNode = FALSE
	EndGlobalSection
	GlobalSection(ExtensibilityGlobals) = postSolution
		SolutionGuid = {269CE714-4F62-4E07-85CC-4D5BB6A6111D}
	EndGlobalSection
EndGlobal
